// !$*UTF8*$!
{
	archiveVersion = 1;
	classes = {
	};
	objectVersion = 56;
	objects = {

/* Begin PBXBuildFile section */
		C419E10F29A3EA8900872C9C /* AppDelegate.swift in Sources */ = {isa = PBXBuildFile; fileRef = C419E10E29A3EA8900872C9C /* AppDelegate.swift */; };
		C419E11129A3EA8900872C9C /* SceneDelegate.swift in Sources */ = {isa = PBXBuildFile; fileRef = C419E11029A3EA8900872C9C /* SceneDelegate.swift */; };
		C419E11829A3EA8B00872C9C /* Assets.xcassets in Resources */ = {isa = PBXBuildFile; fileRef = C419E11729A3EA8B00872C9C /* Assets.xcassets */; };
		C419E11B29A3EA8B00872C9C /* LaunchScreen.storyboard in Resources */ = {isa = PBXBuildFile; fileRef = C419E11929A3EA8B00872C9C /* LaunchScreen.storyboard */; };
		C419E12929A3ED6400872C9C /* MainTabController.swift in Sources */ = {isa = PBXBuildFile; fileRef = C419E12829A3ED6400872C9C /* MainTabController.swift */; };
		C419E12B29A3F12200872C9C /* FeedController.swift in Sources */ = {isa = PBXBuildFile; fileRef = C419E12A29A3F12200872C9C /* FeedController.swift */; };
		C419E12D29A3F13300872C9C /* SearchController.swift in Sources */ = {isa = PBXBuildFile; fileRef = C419E12C29A3F13300872C9C /* SearchController.swift */; };
		C419E12F29A3F14D00872C9C /* ImageSelectorController.swift in Sources */ = {isa = PBXBuildFile; fileRef = C419E12E29A3F14D00872C9C /* ImageSelectorController.swift */; };
		C419E13129A3F15C00872C9C /* NotificationsController.swift in Sources */ = {isa = PBXBuildFile; fileRef = C419E13029A3F15C00872C9C /* NotificationsController.swift */; };
		C419E13329A3F16900872C9C /* ProfileController.swift in Sources */ = {isa = PBXBuildFile; fileRef = C419E13229A3F16900872C9C /* ProfileController.swift */; };
		C4FC297529A7CD1A00F9D343 /* FeedCell.swift in Sources */ = {isa = PBXBuildFile; fileRef = C4FC297429A7CD1A00F9D343 /* FeedCell.swift */; };
		C4FC297929A7D1CE00F9D343 /* Extensions.swift in Sources */ = {isa = PBXBuildFile; fileRef = C4FC297829A7D1CE00F9D343 /* Extensions.swift */; };
/* End PBXBuildFile section */

/* Begin PBXFileReference section */
		C419E10B29A3EA8900872C9C /* InstagramFirestoreTutorial.app */ = {isa = PBXFileReference; explicitFileType = wrapper.application; includeInIndex = 0; path = InstagramFirestoreTutorial.app; sourceTree = BUILT_PRODUCTS_DIR; };
		C419E10E29A3EA8900872C9C /* AppDelegate.swift */ = {isa = PBXFileReference; lastKnownFileType = sourcecode.swift; path = AppDelegate.swift; sourceTree = "<group>"; };
		C419E11029A3EA8900872C9C /* SceneDelegate.swift */ = {isa = PBXFileReference; lastKnownFileType = sourcecode.swift; path = SceneDelegate.swift; sourceTree = "<group>"; };
		C419E11729A3EA8B00872C9C /* Assets.xcassets */ = {isa = PBXFileReference; lastKnownFileType = folder.assetcatalog; path = Assets.xcassets; sourceTree = "<group>"; };
		C419E11A29A3EA8B00872C9C /* Base */ = {isa = PBXFileReference; lastKnownFileType = file.storyboard; name = Base; path = Base.lproj/LaunchScreen.storyboard; sourceTree = "<group>"; };
		C419E11C29A3EA8B00872C9C /* Info.plist */ = {isa = PBXFileReference; lastKnownFileType = text.plist.xml; path = Info.plist; sourceTree = "<group>"; };
		C419E12829A3ED6400872C9C /* MainTabController.swift */ = {isa = PBXFileReference; lastKnownFileType = sourcecode.swift; path = MainTabController.swift; sourceTree = "<group>"; };
		C419E12A29A3F12200872C9C /* FeedController.swift */ = {isa = PBXFileReference; lastKnownFileType = sourcecode.swift; path = FeedController.swift; sourceTree = "<group>"; };
		C419E12C29A3F13300872C9C /* SearchController.swift */ = {isa = PBXFileReference; lastKnownFileType = sourcecode.swift; path = SearchController.swift; sourceTree = "<group>"; };
		C419E12E29A3F14D00872C9C /* ImageSelectorController.swift */ = {isa = PBXFileReference; lastKnownFileType = sourcecode.swift; path = ImageSelectorController.swift; sourceTree = "<group>"; };
		C419E13029A3F15C00872C9C /* NotificationsController.swift */ = {isa = PBXFileReference; lastKnownFileType = sourcecode.swift; path = NotificationsController.swift; sourceTree = "<group>"; };
		C419E13229A3F16900872C9C /* ProfileController.swift */ = {isa = PBXFileReference; lastKnownFileType = sourcecode.swift; path = ProfileController.swift; sourceTree = "<group>"; };
		C4FC297429A7CD1A00F9D343 /* FeedCell.swift */ = {isa = PBXFileReference; lastKnownFileType = sourcecode.swift; path = FeedCell.swift; sourceTree = "<group>"; };
		C4FC297829A7D1CE00F9D343 /* Extensions.swift */ = {isa = PBXFileReference; fileEncoding = 4; lastKnownFileType = sourcecode.swift; path = Extensions.swift; sourceTree = "<group>"; };
/* End PBXFileReference section */

/* Begin PBXFrameworksBuildPhase section */
		C419E10829A3EA8900872C9C /* Frameworks */ = {
			isa = PBXFrameworksBuildPhase;
			buildActionMask = 2147483647;
			files = (
			);
			runOnlyForDeploymentPostprocessing = 0;
		};
/* End PBXFrameworksBuildPhase section */

/* Begin PBXGroup section */
		C419E10229A3EA8900872C9C = {
			isa = PBXGroup;
			children = (
				C419E10D29A3EA8900872C9C /* InstagramFirestoreTutorial */,
				C419E10C29A3EA8900872C9C /* Products */,
			);
			sourceTree = "<group>";
		};
		C419E10C29A3EA8900872C9C /* Products */ = {
			isa = PBXGroup;
			children = (
				C419E10B29A3EA8900872C9C /* InstagramFirestoreTutorial.app */,
			);
			name = Products;
			sourceTree = "<group>";
		};
		C419E10D29A3EA8900872C9C /* InstagramFirestoreTutorial */ = {
			isa = PBXGroup;
			children = (
				C419E12729A3EC1A00872C9C /* Model */,
				C419E12629A3EC1800872C9C /* View */,
				C419E12529A3EC1600872C9C /* ViewModel */,
				C419E12429A3EC1400872C9C /* Controller */,
				C419E12329A3EC1200872C9C /* API */,
				C419E12229A3EBFD00872C9C /* Utils */,
				C419E10E29A3EA8900872C9C /* AppDelegate.swift */,
				C419E11029A3EA8900872C9C /* SceneDelegate.swift */,
				C419E11729A3EA8B00872C9C /* Assets.xcassets */,
				C419E11929A3EA8B00872C9C /* LaunchScreen.storyboard */,
				C419E11C29A3EA8B00872C9C /* Info.plist */,
			);
			path = InstagramFirestoreTutorial;
			sourceTree = "<group>";
		};
		C419E12229A3EBFD00872C9C /* Utils */ = {
			isa = PBXGroup;
			children = (
				C4FC297829A7D1CE00F9D343 /* Extensions.swift */,
			);
			path = Utils;
			sourceTree = "<group>";
		};
		C419E12329A3EC1200872C9C /* API */ = {
			isa = PBXGroup;
			children = (
			);
			path = API;
			sourceTree = "<group>";
		};
		C419E12429A3EC1400872C9C /* Controller */ = {
			isa = PBXGroup;
			children = (
				C419E12829A3ED6400872C9C /* MainTabController.swift */,
				C419E12A29A3F12200872C9C /* FeedController.swift */,
				C419E12C29A3F13300872C9C /* SearchController.swift */,
				C419E12E29A3F14D00872C9C /* ImageSelectorController.swift */,
				C419E13029A3F15C00872C9C /* NotificationsController.swift */,
				C419E13229A3F16900872C9C /* ProfileController.swift */,
			);
			path = Controller;
			sourceTree = "<group>";
		};
		C419E12529A3EC1600872C9C /* ViewModel */ = {
			isa = PBXGroup;
			children = (
			);
			path = ViewModel;
			sourceTree = "<group>";
		};
		C419E12629A3EC1800872C9C /* View */ = {
			isa = PBXGroup;
			children = (
				C4FC297429A7CD1A00F9D343 /* FeedCell.swift */,
			);
			path = View;
			sourceTree = "<group>";
		};
		C419E12729A3EC1A00872C9C /* Model */ = {
			isa = PBXGroup;
			children = (
			);
			path = Model;
			sourceTree = "<group>";
		};
/* End PBXGroup section */

/* Begin PBXNativeTarget section */
		C419E10A29A3EA8900872C9C /* InstagramFirestoreTutorial */ = {
			isa = PBXNativeTarget;
			buildConfigurationList = C419E11F29A3EA8B00872C9C /* Build configuration list for PBXNativeTarget "InstagramFirestoreTutorial" */;
			buildPhases = (
				C419E10729A3EA8900872C9C /* Sources */,
				C419E10829A3EA8900872C9C /* Frameworks */,
				C419E10929A3EA8900872C9C /* Resources */,
			);
			buildRules = (
			);
			dependencies = (
			);
			name = InstagramFirestoreTutorial;
			productName = InstagramFirestoreTutorial;
			productReference = C419E10B29A3EA8900872C9C /* InstagramFirestoreTutorial.app */;
			productType = "com.apple.product-type.application";
		};
/* End PBXNativeTarget section */

/* Begin PBXProject section */
		C419E10329A3EA8900872C9C /* Project object */ = {
			isa = PBXProject;
			attributes = {
				BuildIndependentTargetsInParallel = 1;
				LastSwiftUpdateCheck = 1420;
				LastUpgradeCheck = 1420;
				TargetAttributes = {
					C419E10A29A3EA8900872C9C = {
						CreatedOnToolsVersion = 14.2;
					};
				};
			};
			buildConfigurationList = C419E10629A3EA8900872C9C /* Build configuration list for PBXProject "InstagramFirestoreTutorial" */;
			compatibilityVersion = "Xcode 14.0";
			developmentRegion = en;
			hasScannedForEncodings = 0;
			knownRegions = (
				en,
				Base,
			);
			mainGroup = C419E10229A3EA8900872C9C;
			productRefGroup = C419E10C29A3EA8900872C9C /* Products */;
			projectDirPath = "";
			projectRoot = "";
			targets = (
				C419E10A29A3EA8900872C9C /* InstagramFirestoreTutorial */,
			);
		};
/* End PBXProject section */

/* Begin PBXResourcesBuildPhase section */
		C419E10929A3EA8900872C9C /* Resources */ = {
			isa = PBXResourcesBuildPhase;
			buildActionMask = 2147483647;
			files = (
				C419E11B29A3EA8B00872C9C /* LaunchScreen.storyboard in Resources */,
				C419E11829A3EA8B00872C9C /* Assets.xcassets in Resources */,
			);
			runOnlyForDeploymentPostprocessing = 0;
		};
/* End PBXResourcesBuildPhase section */

/* Begin PBXSourcesBuildPhase section */
		C419E10729A3EA8900872C9C /* Sources */ = {
			isa = PBXSourcesBuildPhase;
			buildActionMask = 2147483647;
			files = (
				C419E10F29A3EA8900872C9C /* AppDelegate.swift in Sources */,
				C4FC297929A7D1CE00F9D343 /* Extensions.swift in Sources */,
				C419E12D29A3F13300872C9C /* SearchController.swift in Sources */,
				C419E12929A3ED6400872C9C /* MainTabController.swift in Sources */,
				C419E11129A3EA8900872C9C /* SceneDelegate.swift in Sources */,
				C419E13129A3F15C00872C9C /* NotificationsController.swift in Sources */,
				C419E12F29A3F14D00872C9C /* ImageSelectorController.swift in Sources */,
				C419E12B29A3F12200872C9C /* FeedController.swift in Sources */,
				C419E13329A3F16900872C9C /* ProfileController.swift in Sources */,
				C4FC297529A7CD1A00F9D343 /* FeedCell.swift in Sources */,
			);
			runOnlyForDeploymentPostprocessing = 0;
		};
/* End PBXSourcesBuildPhase section */

/* Begin PBXVariantGroup section */
		C419E11929A3EA8B00872C9C /* LaunchScreen.storyboard */ = {
			isa = PBXVariantGroup;
			children = (
				C419E11A29A3EA8B00872C9C /* Base */,
			);
			name = LaunchScreen.storyboard;
			sourceTree = "<group>";
		};
/* End PBXVariantGroup section */

/* Begin XCBuildConfiguration section */
		C419E11D29A3EA8B00872C9C /* Debug */ = {
			isa = XCBuildConfiguration;
			buildSettings = {
				ALWAYS_SEARCH_USER_PATHS = NO;
				CLANG_ANALYZER_NONNULL = YES;
				CLANG_ANALYZER_NUMBER_OBJECT_CONVERSION = YES_AGGRESSIVE;
				CLANG_CXX_LANGUAGE_STANDARD = "gnu++20";
				CLANG_ENABLE_MODULES = YES;
				CLANG_ENABLE_OBJC_ARC = YES;
				CLANG_ENABLE_OBJC_WEAK = YES;
				CLANG_WARN_BLOCK_CAPTURE_AUTORELEASING = YES;
				CLANG_WARN_BOOL_CONVERSION = YES;
				CLANG_WARN_COMMA = YES;
				CLANG_WARN_CONSTANT_CONVERSION = YES;
				CLANG_WARN_DEPRECATED_OBJC_IMPLEMENTATIONS = YES;
				CLANG_WARN_DIRECT_OBJC_ISA_USAGE = YES_ERROR;
				CLANG_WARN_DOCUMENTATION_COMMENTS = YES;
				CLANG_WARN_EMPTY_BODY = YES;
				CLANG_WARN_ENUM_CONVERSION = YES;
				CLANG_WARN_INFINITE_RECURSION = YES;
				CLANG_WARN_INT_CONVERSION = YES;
				CLANG_WARN_NON_LITERAL_NULL_CONVERSION = YES;
				CLANG_WARN_OBJC_IMPLICIT_RETAIN_SELF = YES;
				CLANG_WARN_OBJC_LITERAL_CONVERSION = YES;
				CLANG_WARN_OBJC_ROOT_CLASS = YES_ERROR;
				CLANG_WARN_QUOTED_INCLUDE_IN_FRAMEWORK_HEADER = YES;
				CLANG_WARN_RANGE_LOOP_ANALYSIS = YES;
				CLANG_WARN_STRICT_PROTOTYPES = YES;
				CLANG_WARN_SUSPICIOUS_MOVE = YES;
				CLANG_WARN_UNGUARDED_AVAILABILITY = YES_AGGRESSIVE;
				CLANG_WARN_UNREACHABLE_CODE = YES;
				CLANG_WARN__DUPLICATE_METHOD_MATCH = YES;
				COPY_PHASE_STRIP = NO;
				DEBUG_INFORMATION_FORMAT = dwarf;
				ENABLE_STRICT_OBJC_MSGSEND = YES;
				ENABLE_TESTABILITY = YES;
				GCC_C_LANGUAGE_STANDARD = gnu11;
				GCC_DYNAMIC_NO_PIC = NO;
				GCC_NO_COMMON_BLOCKS = YES;
				GCC_OPTIMIZATION_LEVEL = 0;
				GCC_PREPROCESSOR_DEFINITIONS = (
					"DEBUG=1",
					"$(inherited)",
				);
				GCC_WARN_64_TO_32_BIT_CONVERSION = YES;
				GCC_WARN_ABOUT_RETURN_TYPE = YES_ERROR;
				GCC_WARN_UNDECLARED_SELECTOR = YES;
				GCC_WARN_UNINITIALIZED_AUTOS = YES_AGGRESSIVE;
				GCC_WARN_UNUSED_FUNCTION = YES;
				GCC_WARN_UNUSED_VARIABLE = YES;
				IPHONEOS_DEPLOYMENT_TARGET = 16.2;
				MTL_ENABLE_DEBUG_INFO = INCLUDE_SOURCE;
				MTL_FAST_MATH = YES;
				ONLY_ACTIVE_ARCH = YES;
				SDKROOT = iphoneos;
				SWIFT_ACTIVE_COMPILATION_CONDITIONS = DEBUG;
				SWIFT_OPTIMIZATION_LEVEL = "-Onone";
			};
			name = Debug;
		};
		C419E11E29A3EA8B00872C9C /* Release */ = {
			isa = XCBuildConfiguration;
			buildSettings = {
				ALWAYS_SEARCH_USER_PATHS = NO;
				CLANG_ANALYZER_NONNULL = YES;
				CLANG_ANALYZER_NUMBER_OBJECT_CONVERSION = YES_AGGRESSIVE;
				CLANG_CXX_LANGUAGE_STANDARD = "gnu++20";
				CLANG_ENABLE_MODULES = YES;
				CLANG_ENABLE_OBJC_ARC = YES;
				CLANG_ENABLE_OBJC_WEAK = YES;
				CLANG_WARN_BLOCK_CAPTURE_AUTORELEASING = YES;
				CLANG_WARN_BOOL_CONVERSION = YES;
				CLANG_WARN_COMMA = YES;
				CLANG_WARN_CONSTANT_CONVERSION = YES;
				CLANG_WARN_DEPRECATED_OBJC_IMPLEMENTATIONS = YES;
				CLANG_WARN_DIRECT_OBJC_ISA_USAGE = YES_ERROR;
				CLANG_WARN_DOCUMENTATION_COMMENTS = YES;
				CLANG_WARN_EMPTY_BODY = YES;
				CLANG_WARN_ENUM_CONVERSION = YES;
				CLANG_WARN_INFINITE_RECURSION = YES;
				CLANG_WARN_INT_CONVERSION = YES;
				CLANG_WARN_NON_LITERAL_NULL_CONVERSION = YES;
				CLANG_WARN_OBJC_IMPLICIT_RETAIN_SELF = YES;
				CLANG_WARN_OBJC_LITERAL_CONVERSION = YES;
				CLANG_WARN_OBJC_ROOT_CLASS = YES_ERROR;
				CLANG_WARN_QUOTED_INCLUDE_IN_FRAMEWORK_HEADER = YES;
				CLANG_WARN_RANGE_LOOP_ANALYSIS = YES;
				CLANG_WARN_STRICT_PROTOTYPES = YES;
				CLANG_WARN_SUSPICIOUS_MOVE = YES;
				CLANG_WARN_UNGUARDED_AVAILABILITY = YES_AGGRESSIVE;
				CLANG_WARN_UNREACHABLE_CODE = YES;
				CLANG_WARN__DUPLICATE_METHOD_MATCH = YES;
				COPY_PHASE_STRIP = NO;
				DEBUG_INFORMATION_FORMAT = "dwarf-with-dsym";
				ENABLE_NS_ASSERTIONS = NO;
				ENABLE_STRICT_OBJC_MSGSEND = YES;
				GCC_C_LANGUAGE_STANDARD = gnu11;
				GCC_NO_COMMON_BLOCKS = YES;
				GCC_WARN_64_TO_32_BIT_CONVERSION = YES;
				GCC_WARN_ABOUT_RETURN_TYPE = YES_ERROR;
				GCC_WARN_UNDECLARED_SELECTOR = YES;
				GCC_WARN_UNINITIALIZED_AUTOS = YES_AGGRESSIVE;
				GCC_WARN_UNUSED_FUNCTION = YES;
				GCC_WARN_UNUSED_VARIABLE = YES;
				IPHONEOS_DEPLOYMENT_TARGET = 16.2;
				MTL_ENABLE_DEBUG_INFO = NO;
				MTL_FAST_MATH = YES;
				SDKROOT = iphoneos;
				SWIFT_COMPILATION_MODE = wholemodule;
				SWIFT_OPTIMIZATION_LEVEL = "-O";
				VALIDATE_PRODUCT = YES;
			};
			name = Release;
		};
		C419E12029A3EA8B00872C9C /* Debug */ = {
			isa = XCBuildConfiguration;
			buildSettings = {
				ASSETCATALOG_COMPILER_APPICON_NAME = AppIcon;
				ASSETCATALOG_COMPILER_GLOBAL_ACCENT_COLOR_NAME = AccentColor;
				CODE_SIGN_STYLE = Automatic;
				CURRENT_PROJECT_VERSION = 1;
				DEVELOPMENT_TEAM = 555CBMTQ4N;
				GENERATE_INFOPLIST_FILE = YES;
				INFOPLIST_FILE = InstagramFirestoreTutorial/Info.plist;
				INFOPLIST_KEY_UIApplicationSupportsIndirectInputEvents = YES;
				INFOPLIST_KEY_UILaunchStoryboardName = LaunchScreen;
				INFOPLIST_KEY_UISupportedInterfaceOrientations_iPad = "UIInterfaceOrientationPortrait UIInterfaceOrientationPortraitUpsideDown UIInterfaceOrientationLandscapeLeft UIInterfaceOrientationLandscapeRight";
				INFOPLIST_KEY_UISupportedInterfaceOrientations_iPhone = "UIInterfaceOrientationPortrait UIInterfaceOrientationLandscapeLeft UIInterfaceOrientationLandscapeRight";
				LD_RUNPATH_SEARCH_PATHS = (
					"$(inherited)",
					"@executable_path/Frameworks",
				);
				MARKETING_VERSION = 1.0;
				PRODUCT_BUNDLE_IDENTIFIER = com.sjlearmonth.InstagramFirestoreTutorial;
				PRODUCT_NAME = "$(TARGET_NAME)";
				SWIFT_EMIT_LOC_STRINGS = YES;
				SWIFT_VERSION = 5.0;
				TARGETED_DEVICE_FAMILY = "1,2";
			};
			name = Debug;
		};
		C419E12129A3EA8B00872C9C /* Release */ = {
			isa = XCBuildConfiguration;
			buildSettings = {
				ASSETCATALOG_COMPILER_APPICON_NAME = AppIcon;
				ASSETCATALOG_COMPILER_GLOBAL_ACCENT_COLOR_NAME = AccentColor;
				CODE_SIGN_STYLE = Automatic;
				CURRENT_PROJECT_VERSION = 1;
				DEVELOPMENT_TEAM = 555CBMTQ4N;
				GENERATE_INFOPLIST_FILE = YES;
				INFOPLIST_FILE = InstagramFirestoreTutorial/Info.plist;
				INFOPLIST_KEY_UIApplicationSupportsIndirectInputEvents = YES;
				INFOPLIST_KEY_UILaunchStoryboardName = LaunchScreen;
				INFOPLIST_KEY_UISupportedInterfaceOrientations_iPad = "UIInterfaceOrientationPortrait UIInterfaceOrientationPortraitUpsideDown UIInterfaceOrientationLandscapeLeft UIInterfaceOrientationLandscapeRight";
				INFOPLIST_KEY_UISupportedInterfaceOrientations_iPhone = "UIInterfaceOrientationPortrait UIInterfaceOrientationLandscapeLeft UIInterfaceOrientationLandscapeRight";
				LD_RUNPATH_SEARCH_PATHS = (
					"$(inherited)",
					"@executable_path/Frameworks",
				);
				MARKETING_VERSION = 1.0;
				PRODUCT_BUNDLE_IDENTIFIER = com.sjlearmonth.InstagramFirestoreTutorial;
				PRODUCT_NAME = "$(TARGET_NAME)";
				SWIFT_EMIT_LOC_STRINGS = YES;
				SWIFT_VERSION = 5.0;
				TARGETED_DEVICE_FAMILY = "1,2";
			};
			name = Release;
		};
/* End XCBuildConfiguration section */

/* Begin XCConfigurationList section */
		C419E10629A3EA8900872C9C /* Build configuration list for PBXProject "InstagramFirestoreTutorial" */ = {
			isa = XCConfigurationList;
			buildConfigurations = (
				C419E11D29A3EA8B00872C9C /* Debug */,
				C419E11E29A3EA8B00872C9C /* Release */,
			);
			defaultConfigurationIsVisible = 0;
			defaultConfigurationName = Release;
		};
		C419E11F29A3EA8B00872C9C /* Build configuration list for PBXNativeTarget "InstagramFirestoreTutorial" */ = {
			isa = XCConfigurationList;
			buildConfigurations = (
				C419E12029A3EA8B00872C9C /* Debug */,
				C419E12129A3EA8B00872C9C /* Release */,
			);
			defaultConfigurationIsVisible = 0;
			defaultConfigurationName = Release;
		};
/* End XCConfigurationList section */
	};
	rootObject = C419E10329A3EA8900872C9C /* Project object */;
}
